
Microsoft Visual Studio Solution File, Format Version 12.00
# Visual Studio 15
VisualStudioVersion = 15.0.28307.1433
MinimumVisualStudioVersion = 10.0.40219.1
Project("{FAE04EC0-301F-11D3-BF4B-00C04F79EFBC}") = "EcommerceProject", "WebApplication8\EcommerceProject.csproj", "{1940CB22-9356-45BD-A8DE-F248834E3A93}"
EndProject
Global
	GlobalSection(SolutionConfigurationPlatforms) = preSolution
		Debug|Any CPU = Debug|Any CPU
		Release|Any CPU = Release|Any CPU
	EndGlobalSection
	GlobalSection(ProjectConfigurationPlatforms) = postSolution
		{1940CB22-9356-45BD-A8DE-F248834E3A93}.Debug|Any CPU.ActiveCfg = Debug|Any CPU
		{1940CB22-9356-45BD-A8DE-F248834E3A93}.Debug|Any CPU.Build.0 = Debug|Any CPU
		{1940CB22-9356-45BD-A8DE-F248834E3A93}.Release|Any CPU.ActiveCfg = Release|Any CPU
		{1940CB22-9356-45BD-A8DE-F248834E3A93}.Release|Any CPU.Build.0 = Release|Any CPU
	EndGlobalSection
	GlobalSection(SolutionProperties) = preSolution
		HideSolutionNode = FALSE
	EndGlobalSection
	GlobalSection(ExtensibilityGlobals) = postSolution
		SolutionGuid = {D9C1F31B-CCD0-47E9-944D-DBD334D4743F}
	EndGlobalSection
EndGlobal
